// !$*UTF8*$!
{
	archiveVersion = 1;
	classes = {
	};
	objectVersion = 46;
	objects = {

/* Begin PBXBuildFile section */
		0A2030421AA00400001291C5 /* ProductDetailViewController.m in Sources */ = {isa = PBXBuildFile; fileRef = 0A2030401AA00400001291C5 /* ProductDetailViewController.m */; };
		0A2030431AA00400001291C5 /* ProductDetailViewController.xib in Resources */ = {isa = PBXBuildFile; fileRef = 0A2030411AA00400001291C5 /* ProductDetailViewController.xib */; };
		5C25B2747B39B751AFBA3CD3 /* libPods.a in Frameworks */ = {isa = PBXBuildFile; fileRef = D5644CECFAB8A988ECC0CAD8 /* libPods.a */; };
		C8A320BE1A9D134F0094E4EF /* main.m in Sources */ = {isa = PBXBuildFile; fileRef = C8A320BD1A9D134F0094E4EF /* main.m */; };
		C8A320C11A9D134F0094E4EF /* AppDelegate.m in Sources */ = {isa = PBXBuildFile; fileRef = C8A320C01A9D134F0094E4EF /* AppDelegate.m */; };
		C8A320C91A9D134F0094E4EF /* Images.xcassets in Resources */ = {isa = PBXBuildFile; fileRef = C8A320C81A9D134F0094E4EF /* Images.xcassets */; };
		C8A320CC1A9D134F0094E4EF /* LaunchScreen.xib in Resources */ = {isa = PBXBuildFile; fileRef = C8A320CA1A9D134F0094E4EF /* LaunchScreen.xib */; };
		C8A320D81A9D134F0094E4EF /* iOSTutorialTests.m in Sources */ = {isa = PBXBuildFile; fileRef = C8A320D71A9D134F0094E4EF /* iOSTutorialTests.m */; };
		C8A320E41A9D14260094E4EF /* MainViewController.m in Sources */ = {isa = PBXBuildFile; fileRef = C8A320E21A9D14260094E4EF /* MainViewController.m */; };
		C8A320E51A9D14260094E4EF /* MainViewController.xib in Resources */ = {isa = PBXBuildFile; fileRef = C8A320E31A9D14260094E4EF /* MainViewController.xib */; };
		C8A320EA1A9D14540094E4EF /* LoginViewController.m in Sources */ = {isa = PBXBuildFile; fileRef = C8A320E81A9D14540094E4EF /* LoginViewController.m */; };
		C8A320EB1A9D14540094E4EF /* LoginViewController.xib in Resources */ = {isa = PBXBuildFile; fileRef = C8A320E91A9D14540094E4EF /* LoginViewController.xib */; };
		C8A320EF1A9D2EEE0094E4EF /* RESTManager.m in Sources */ = {isa = PBXBuildFile; fileRef = C8A320EE1A9D2EEE0094E4EF /* RESTManager.m */; };
/* End PBXBuildFile section */

/* Begin PBXContainerItemProxy section */
		C8A320D21A9D134F0094E4EF /* PBXContainerItemProxy */ = {
			isa = PBXContainerItemProxy;
			containerPortal = C8A320B01A9D134E0094E4EF /* Project object */;
			proxyType = 1;
			remoteGlobalIDString = C8A320B71A9D134E0094E4EF;
			remoteInfo = iOSTutorial;
		};
/* End PBXContainerItemProxy section */

/* Begin PBXFileReference section */
		0A20303F1AA00400001291C5 /* ProductDetailViewController.h */ = {isa = PBXFileReference; fileEncoding = 4; lastKnownFileType = sourcecode.c.h; path = ProductDetailViewController.h; sourceTree = "<group>"; };
		0A2030401AA00400001291C5 /* ProductDetailViewController.m */ = {isa = PBXFileReference; fileEncoding = 4; lastKnownFileType = sourcecode.c.objc; path = ProductDetailViewController.m; sourceTree = "<group>"; };
		0A2030411AA00400001291C5 /* ProductDetailViewController.xib */ = {isa = PBXFileReference; fileEncoding = 4; lastKnownFileType = file.xib; path = ProductDetailViewController.xib; sourceTree = "<group>"; };
		15FE96FEB7B8BA447DF833EB /* Pods.debug.xcconfig */ = {isa = PBXFileReference; includeInIndex = 1; lastKnownFileType = text.xcconfig; name = Pods.debug.xcconfig; path = "Pods/Target Support Files/Pods/Pods.debug.xcconfig"; sourceTree = "<group>"; };
		605820E31ED10E51B3CFC69B /* Pods.release.xcconfig */ = {isa = PBXFileReference; includeInIndex = 1; lastKnownFileType = text.xcconfig; name = Pods.release.xcconfig; path = "Pods/Target Support Files/Pods/Pods.release.xcconfig"; sourceTree = "<group>"; };
		C8A320B81A9D134E0094E4EF /* iOSTutorial.app */ = {isa = PBXFileReference; explicitFileType = wrapper.application; includeInIndex = 0; path = iOSTutorial.app; sourceTree = BUILT_PRODUCTS_DIR; };
		C8A320BC1A9D134E0094E4EF /* Info.plist */ = {isa = PBXFileReference; lastKnownFileType = text.plist.xml; path = Info.plist; sourceTree = "<group>"; };
		C8A320BD1A9D134F0094E4EF /* main.m */ = {isa = PBXFileReference; lastKnownFileType = sourcecode.c.objc; path = main.m; sourceTree = "<group>"; };
		C8A320BF1A9D134F0094E4EF /* AppDelegate.h */ = {isa = PBXFileReference; lastKnownFileType = sourcecode.c.h; path = AppDelegate.h; sourceTree = "<group>"; };
		C8A320C01A9D134F0094E4EF /* AppDelegate.m */ = {isa = PBXFileReference; lastKnownFileType = sourcecode.c.objc; path = AppDelegate.m; sourceTree = "<group>"; };
		C8A320C81A9D134F0094E4EF /* Images.xcassets */ = {isa = PBXFileReference; lastKnownFileType = folder.assetcatalog; path = Images.xcassets; sourceTree = "<group>"; };
		C8A320CB1A9D134F0094E4EF /* Base */ = {isa = PBXFileReference; lastKnownFileType = file.xib; name = Base; path = Base.lproj/LaunchScreen.xib; sourceTree = "<group>"; };
		C8A320D11A9D134F0094E4EF /* iOSTutorialTests.xctest */ = {isa = PBXFileReference; explicitFileType = wrapper.cfbundle; includeInIndex = 0; path = iOSTutorialTests.xctest; sourceTree = BUILT_PRODUCTS_DIR; };
		C8A320D61A9D134F0094E4EF /* Info.plist */ = {isa = PBXFileReference; lastKnownFileType = text.plist.xml; path = Info.plist; sourceTree = "<group>"; };
		C8A320D71A9D134F0094E4EF /* iOSTutorialTests.m */ = {isa = PBXFileReference; lastKnownFileType = sourcecode.c.objc; path = iOSTutorialTests.m; sourceTree = "<group>"; };
		C8A320E11A9D14260094E4EF /* MainViewController.h */ = {isa = PBXFileReference; fileEncoding = 4; lastKnownFileType = sourcecode.c.h; path = MainViewController.h; sourceTree = "<group>"; };
		C8A320E21A9D14260094E4EF /* MainViewController.m */ = {isa = PBXFileReference; fileEncoding = 4; lastKnownFileType = sourcecode.c.objc; path = MainViewController.m; sourceTree = "<group>"; };
		C8A320E31A9D14260094E4EF /* MainViewController.xib */ = {isa = PBXFileReference; fileEncoding = 4; lastKnownFileType = file.xib; path = MainViewController.xib; sourceTree = "<group>"; };
		C8A320E71A9D14540094E4EF /* LoginViewController.h */ = {isa = PBXFileReference; fileEncoding = 4; lastKnownFileType = sourcecode.c.h; path = LoginViewController.h; sourceTree = "<group>"; };
		C8A320E81A9D14540094E4EF /* LoginViewController.m */ = {isa = PBXFileReference; fileEncoding = 4; lastKnownFileType = sourcecode.c.objc; path = LoginViewController.m; sourceTree = "<group>"; };
		C8A320E91A9D14540094E4EF /* LoginViewController.xib */ = {isa = PBXFileReference; fileEncoding = 4; lastKnownFileType = file.xib; path = LoginViewController.xib; sourceTree = "<group>"; };
		C8A320ED1A9D2EEE0094E4EF /* RESTManager.h */ = {isa = PBXFileReference; fileEncoding = 4; lastKnownFileType = sourcecode.c.h; path = RESTManager.h; sourceTree = "<group>"; };
		C8A320EE1A9D2EEE0094E4EF /* RESTManager.m */ = {isa = PBXFileReference; fileEncoding = 4; lastKnownFileType = sourcecode.c.objc; path = RESTManager.m; sourceTree = "<group>"; };
		D5644CECFAB8A988ECC0CAD8 /* libPods.a */ = {isa = PBXFileReference; explicitFileType = archive.ar; includeInIndex = 0; path = libPods.a; sourceTree = BUILT_PRODUCTS_DIR; };
/* End PBXFileReference section */

/* Begin PBXFrameworksBuildPhase section */
		C8A320B51A9D134E0094E4EF /* Frameworks */ = {
			isa = PBXFrameworksBuildPhase;
			buildActionMask = 2147483647;
			files = (
				5C25B2747B39B751AFBA3CD3 /* libPods.a in Frameworks */,
			);
			runOnlyForDeploymentPostprocessing = 0;
		};
		C8A320CE1A9D134F0094E4EF /* Frameworks */ = {
			isa = PBXFrameworksBuildPhase;
			buildActionMask = 2147483647;
			files = (
			);
			runOnlyForDeploymentPostprocessing = 0;
		};
/* End PBXFrameworksBuildPhase section */

/* Begin PBXGroup section */
		25754A34D4EE8B7972D8569D /* Frameworks */ = {
			isa = PBXGroup;
			children = (
				D5644CECFAB8A988ECC0CAD8 /* libPods.a */,
			);
			name = Frameworks;
			sourceTree = "<group>";
		};
		3CFB391749582CE485644AC3 /* Pods */ = {
			isa = PBXGroup;
			children = (
				15FE96FEB7B8BA447DF833EB /* Pods.debug.xcconfig */,
				605820E31ED10E51B3CFC69B /* Pods.release.xcconfig */,
			);
			name = Pods;
			sourceTree = "<group>";
		};
		C8A320AF1A9D134E0094E4EF = {
			isa = PBXGroup;
			children = (
				C8A320BA1A9D134E0094E4EF /* iOSTutorial */,
				C8A320D41A9D134F0094E4EF /* iOSTutorialTests */,
				C8A320B91A9D134E0094E4EF /* Products */,
				3CFB391749582CE485644AC3 /* Pods */,
				25754A34D4EE8B7972D8569D /* Frameworks */,
			);
			sourceTree = "<group>";
		};
		C8A320B91A9D134E0094E4EF /* Products */ = {
			isa = PBXGroup;
			children = (
				C8A320B81A9D134E0094E4EF /* iOSTutorial.app */,
				C8A320D11A9D134F0094E4EF /* iOSTutorialTests.xctest */,
			);
			name = Products;
			sourceTree = "<group>";
		};
		C8A320BA1A9D134E0094E4EF /* iOSTutorial */ = {
			isa = PBXGroup;
			children = (
				C8A320EC1A9D2ED40094E4EF /* Managers */,
				C8A320BF1A9D134F0094E4EF /* AppDelegate.h */,
				C8A320C01A9D134F0094E4EF /* AppDelegate.m */,
				C8A320C81A9D134F0094E4EF /* Images.xcassets */,
				C8A320CA1A9D134F0094E4EF /* LaunchScreen.xib */,
				C8A320BB1A9D134E0094E4EF /* Supporting Files */,
				C8A320E61A9D143C0094E4EF /* ViewControllers */,
			);
			path = iOSTutorial;
			sourceTree = "<group>";
		};
		C8A320BB1A9D134E0094E4EF /* Supporting Files */ = {
			isa = PBXGroup;
			children = (
				C8A320BC1A9D134E0094E4EF /* Info.plist */,
				C8A320BD1A9D134F0094E4EF /* main.m */,
			);
			name = "Supporting Files";
			sourceTree = "<group>";
		};
		C8A320D41A9D134F0094E4EF /* iOSTutorialTests */ = {
			isa = PBXGroup;
			children = (
				C8A320D71A9D134F0094E4EF /* iOSTutorialTests.m */,
				C8A320D51A9D134F0094E4EF /* Supporting Files */,
			);
			path = iOSTutorialTests;
			sourceTree = "<group>";
		};
		C8A320D51A9D134F0094E4EF /* Supporting Files */ = {
			isa = PBXGroup;
			children = (
				C8A320D61A9D134F0094E4EF /* Info.plist */,
			);
			name = "Supporting Files";
			sourceTree = "<group>";
		};
		C8A320E61A9D143C0094E4EF /* ViewControllers */ = {
			isa = PBXGroup;
			children = (
				C8A320E11A9D14260094E4EF /* MainViewController.h */,
				C8A320E21A9D14260094E4EF /* MainViewController.m */,
				C8A320E31A9D14260094E4EF /* MainViewController.xib */,
				C8A320E71A9D14540094E4EF /* LoginViewController.h */,
				C8A320E81A9D14540094E4EF /* LoginViewController.m */,
				C8A320E91A9D14540094E4EF /* LoginViewController.xib */,
				0A20303F1AA00400001291C5 /* ProductDetailViewController.h */,
				0A2030401AA00400001291C5 /* ProductDetailViewController.m */,
				0A2030411AA00400001291C5 /* ProductDetailViewController.xib */,
			);
			name = ViewControllers;
			sourceTree = "<group>";
		};
		C8A320EC1A9D2ED40094E4EF /* Managers */ = {
			isa = PBXGroup;
			children = (
				C8A320ED1A9D2EEE0094E4EF /* RESTManager.h */,
				C8A320EE1A9D2EEE0094E4EF /* RESTManager.m */,
			);
			name = Managers;
			sourceTree = "<group>";
		};
/* End PBXGroup section */

/* Begin PBXNativeTarget section */
		C8A320B71A9D134E0094E4EF /* iOSTutorial */ = {
			isa = PBXNativeTarget;
			buildConfigurationList = C8A320DB1A9D134F0094E4EF /* Build configuration list for PBXNativeTarget "iOSTutorial" */;
			buildPhases = (
				734DFE0566CBE1E438A877B9 /* Check Pods Manifest.lock */,
				C8A320B41A9D134E0094E4EF /* Sources */,
				C8A320B51A9D134E0094E4EF /* Frameworks */,
				C8A320B61A9D134E0094E4EF /* Resources */,
				AC050D221790EACE7936D24C /* Copy Pods Resources */,
			);
			buildRules = (
			);
			dependencies = (
			);
			name = iOSTutorial;
			productName = iOSTutorial;
			productReference = C8A320B81A9D134E0094E4EF /* iOSTutorial.app */;
			productType = "com.apple.product-type.application";
		};
		C8A320D01A9D134F0094E4EF /* iOSTutorialTests */ = {
			isa = PBXNativeTarget;
			buildConfigurationList = C8A320DE1A9D134F0094E4EF /* Build configuration list for PBXNativeTarget "iOSTutorialTests" */;
			buildPhases = (
				C8A320CD1A9D134F0094E4EF /* Sources */,
				C8A320CE1A9D134F0094E4EF /* Frameworks */,
				C8A320CF1A9D134F0094E4EF /* Resources */,
			);
			buildRules = (
			);
			dependencies = (
				C8A320D31A9D134F0094E4EF /* PBXTargetDependency */,
			);
			name = iOSTutorialTests;
			productName = iOSTutorialTests;
			productReference = C8A320D11A9D134F0094E4EF /* iOSTutorialTests.xctest */;
			productType = "com.apple.product-type.bundle.unit-test";
		};
/* End PBXNativeTarget section */

/* Begin PBXProject section */
		C8A320B01A9D134E0094E4EF /* Project object */ = {
			isa = PBXProject;
			attributes = {
				LastUpgradeCheck = 0610;
				ORGANIZATIONNAME = omar;
				TargetAttributes = {
					C8A320B71A9D134E0094E4EF = {
						CreatedOnToolsVersion = 6.1.1;
					};
					C8A320D01A9D134F0094E4EF = {
						CreatedOnToolsVersion = 6.1.1;
						TestTargetID = C8A320B71A9D134E0094E4EF;
					};
				};
			};
			buildConfigurationList = C8A320B31A9D134E0094E4EF /* Build configuration list for PBXProject "iOSTutorial" */;
			compatibilityVersion = "Xcode 3.2";
			developmentRegion = English;
			hasScannedForEncodings = 0;
			knownRegions = (
				en,
				Base,
			);
			mainGroup = C8A320AF1A9D134E0094E4EF;
			productRefGroup = C8A320B91A9D134E0094E4EF /* Products */;
			projectDirPath = "";
			projectRoot = "";
			targets = (
				C8A320B71A9D134E0094E4EF /* iOSTutorial */,
				C8A320D01A9D134F0094E4EF /* iOSTutorialTests */,
			);
		};
/* End PBXProject section */

/* Begin PBXResourcesBuildPhase section */
		C8A320B61A9D134E0094E4EF /* Resources */ = {
			isa = PBXResourcesBuildPhase;
			buildActionMask = 2147483647;
			files = (
				C8A320EB1A9D14540094E4EF /* LoginViewController.xib in Resources */,
				C8A320CC1A9D134F0094E4EF /* LaunchScreen.xib in Resources */,
				C8A320E51A9D14260094E4EF /* MainViewController.xib in Resources */,
				0A2030431AA00400001291C5 /* ProductDetailViewController.xib in Resources */,
				C8A320C91A9D134F0094E4EF /* Images.xcassets in Resources */,
			);
			runOnlyForDeploymentPostprocessing = 0;
		};
		C8A320CF1A9D134F0094E4EF /* Resources */ = {
			isa = PBXResourcesBuildPhase;
			buildActionMask = 2147483647;
			files = (
			);
			runOnlyForDeploymentPostprocessing = 0;
		};
/* End PBXResourcesBuildPhase section */

/* Begin PBXShellScriptBuildPhase section */
		734DFE0566CBE1E438A877B9 /* Check Pods Manifest.lock */ = {
			isa = PBXShellScriptBuildPhase;
			buildActionMask = 2147483647;
			files = (
			);
			inputPaths = (
			);
			name = "Check Pods Manifest.lock";
			outputPaths = (
			);
			runOnlyForDeploymentPostprocessing = 0;
			shellPath = /bin/sh;
			shellScript = "diff \"${PODS_ROOT}/../Podfile.lock\" \"${PODS_ROOT}/Manifest.lock\" > /dev/null\nif [[ $? != 0 ]] ; then\n    cat << EOM\nerror: The sandbox is not in sync with the Podfile.lock. Run 'pod install' or update your CocoaPods installation.\nEOM\n    exit 1\nfi\n";
			showEnvVarsInLog = 0;
		};
		AC050D221790EACE7936D24C /* Copy Pods Resources */ = {
			isa = PBXShellScriptBuildPhase;
			buildActionMask = 2147483647;
			files = (
			);
			inputPaths = (
			);
			name = "Copy Pods Resources";
			outputPaths = (
			);
			runOnlyForDeploymentPostprocessing = 0;
			shellPath = /bin/sh;
			shellScript = "\"${SRCROOT}/Pods/Target Support Files/Pods/Pods-resources.sh\"\n";
			showEnvVarsInLog = 0;
		};
/* End PBXShellScriptBuildPhase section */

/* Begin PBXSourcesBuildPhase section */
		C8A320B41A9D134E0094E4EF /* Sources */ = {
			isa = PBXSourcesBuildPhase;
			buildActionMask = 2147483647;
			files = (
				C8A320EA1A9D14540094E4EF /* LoginViewController.m in Sources */,
				C8A320C11A9D134F0094E4EF /* AppDelegate.m in Sources */,
				C8A320EF1A9D2EEE0094E4EF /* RESTManager.m in Sources */,
				0A2030421AA00400001291C5 /* ProductDetailViewController.m in Sources */,
				C8A320E41A9D14260094E4EF /* MainViewController.m in Sources */,
				C8A320BE1A9D134F0094E4EF /* main.m in Sources */,
			);
			runOnlyForDeploymentPostprocessing = 0;
		};
		C8A320CD1A9D134F0094E4EF /* Sources */ = {
			isa = PBXSourcesBuildPhase;
			buildActionMask = 2147483647;
			files = (
				C8A320D81A9D134F0094E4EF /* iOSTutorialTests.m in Sources */,
			);
			runOnlyForDeploymentPostprocessing = 0;
		};
/* End PBXSourcesBuildPhase section */

/* Begin PBXTargetDependency section */
		C8A320D31A9D134F0094E4EF /* PBXTargetDependency */ = {
			isa = PBXTargetDependency;
			target = C8A320B71A9D134E0094E4EF /* iOSTutorial */;
			targetProxy = C8A320D21A9D134F0094E4EF /* PBXContainerItemProxy */;
		};
/* End PBXTargetDependency section */

/* Begin PBXVariantGroup section */
		C8A320CA1A9D134F0094E4EF /* LaunchScreen.xib */ = {
			isa = PBXVariantGroup;
			children = (
				C8A320CB1A9D134F0094E4EF /* Base */,
			);
			name = LaunchScreen.xib;
			sourceTree = "<group>";
		};
/* End PBXVariantGroup section */

/* Begin XCBuildConfiguration section */
		C8A320D91A9D134F0094E4EF /* Debug */ = {
			isa = XCBuildConfiguration;
			buildSettings = {
				ALWAYS_SEARCH_USER_PATHS = NO;
				CLANG_CXX_LANGUAGE_STANDARD = "gnu++0x";
				CLANG_CXX_LIBRARY = "libc++";
				CLANG_ENABLE_MODULES = YES;
				CLANG_ENABLE_OBJC_ARC = YES;
				CLANG_WARN_BOOL_CONVERSION = YES;
				CLANG_WARN_CONSTANT_CONVERSION = YES;
				CLANG_WARN_DIRECT_OBJC_ISA_USAGE = YES_ERROR;
				CLANG_WARN_EMPTY_BODY = YES;
				CLANG_WARN_ENUM_CONVERSION = YES;
				CLANG_WARN_INT_CONVERSION = YES;
				CLANG_WARN_OBJC_ROOT_CLASS = YES_ERROR;
				CLANG_WARN_UNREACHABLE_CODE = YES;
				CLANG_WARN__DUPLICATE_METHOD_MATCH = YES;
				"CODE_SIGN_IDENTITY[sdk=iphoneos*]" = "iPhone Developer";
				COPY_PHASE_STRIP = NO;
				ENABLE_STRICT_OBJC_MSGSEND = YES;
				GCC_C_LANGUAGE_STANDARD = gnu99;
				GCC_DYNAMIC_NO_PIC = NO;
				GCC_OPTIMIZATION_LEVEL = 0;
				GCC_PREPROCESSOR_DEFINITIONS = (
					"DEBUG=1",
					"$(inherited)",
				);
				GCC_SYMBOLS_PRIVATE_EXTERN = NO;
				GCC_WARN_64_TO_32_BIT_CONVERSION = YES;
				GCC_WARN_ABOUT_RETURN_TYPE = YES_ERROR;
				GCC_WARN_UNDECLARED_SELECTOR = YES;
				GCC_WARN_UNINITIALIZED_AUTOS = YES_AGGRESSIVE;
				GCC_WARN_UNUSED_FUNCTION = YES;
				GCC_WARN_UNUSED_VARIABLE = YES;
				IPHONEOS_DEPLOYMENT_TARGET = 8.1;
				MTL_ENABLE_DEBUG_INFO = YES;
				ONLY_ACTIVE_ARCH = YES;
				SDKROOT = iphoneos;
			};
			name = Debug;
		};
		C8A320DA1A9D134F0094E4EF /* Release */ = {
			isa = XCBuildConfiguration;
			buildSettings = {
				ALWAYS_SEARCH_USER_PATHS = NO;
				CLANG_CXX_LANGUAGE_STANDARD = "gnu++0x";
				CLANG_CXX_LIBRARY = "libc++";
				CLANG_ENABLE_MODULES = YES;
				CLANG_ENABLE_OBJC_ARC = YES;
				CLANG_WARN_BOOL_CONVERSION = YES;
				CLANG_WARN_CONSTANT_CONVERSION = YES;
				CLANG_WARN_DIRECT_OBJC_ISA_USAGE = YES_ERROR;
				CLANG_WARN_EMPTY_BODY = YES;
				CLANG_WARN_ENUM_CONVERSION = YES;
				CLANG_WARN_INT_CONVERSION = YES;
				CLANG_WARN_OBJC_ROOT_CLASS = YES_ERROR;
				CLANG_WARN_UNREACHABLE_CODE = YES;
				CLANG_WARN__DUPLICATE_METHOD_MATCH = YES;
				"CODE_SIGN_IDENTITY[sdk=iphoneos*]" = "iPhone Developer";
				COPY_PHASE_STRIP = YES;
				ENABLE_NS_ASSERTIONS = NO;
				ENABLE_STRICT_OBJC_MSGSEND = YES;
				GCC_C_LANGUAGE_STANDARD = gnu99;
				GCC_WARN_64_TO_32_BIT_CONVERSION = YES;
				GCC_WARN_ABOUT_RETURN_TYPE = YES_ERROR;
				GCC_WARN_UNDECLARED_SELECTOR = YES;
				GCC_WARN_UNINITIALIZED_AUTOS = YES_AGGRESSIVE;
				GCC_WARN_UNUSED_FUNCTION = YES;
				GCC_WARN_UNUSED_VARIABLE = YES;
				IPHONEOS_DEPLOYMENT_TARGET = 8.1;
				MTL_ENABLE_DEBUG_INFO = NO;
				SDKROOT = iphoneos;
				VALIDATE_PRODUCT = YES;
			};
			name = Release;
		};
		C8A320DC1A9D134F0094E4EF /* Debug */ = {
			isa = XCBuildConfiguration;
			baseConfigurationReference = 15FE96FEB7B8BA447DF833EB /* Pods.debug.xcconfig */;
			buildSettings = {
				ASSETCATALOG_COMPILER_APPICON_NAME = AppIcon;
				INFOPLIST_FILE = iOSTutorial/Info.plist;
				LD_RUNPATH_SEARCH_PATHS = "$(inherited) @executable_path/Frameworks";
				PRODUCT_NAME = "$(TARGET_NAME)";
			};
			name = Debug;
		};
		C8A320DD1A9D134F0094E4EF /* Release */ = {
			isa = XCBuildConfiguration;
			baseConfigurationReference = 605820E31ED10E51B3CFC69B /* Pods.release.xcconfig */;
			buildSettings = {
				ASSETCATALOG_COMPILER_APPICON_NAME = AppIcon;
				INFOPLIST_FILE = iOSTutorial/Info.plist;
				LD_RUNPATH_SEARCH_PATHS = "$(inherited) @executable_path/Frameworks";
				PRODUCT_NAME = "$(TARGET_NAME)";
			};
			name = Release;
		};
		C8A320DF1A9D134F0094E4EF /* Debug */ = {
			isa = XCBuildConfiguration;
			buildSettings = {
				BUNDLE_LOADER = "$(TEST_HOST)";
				FRAMEWORK_SEARCH_PATHS = (
					"$(SDKROOT)/Developer/Library/Frameworks",
					"$(inherited)",
				);
				GCC_PREPROCESSOR_DEFINITIONS = (
					"DEBUG=1",
					"$(inherited)",
				);
				INFOPLIST_FILE = iOSTutorialTests/Info.plist;
				LD_RUNPATH_SEARCH_PATHS = "$(inherited) @executable_path/Frameworks @loader_path/Frameworks";
				PRODUCT_NAME = "$(TARGET_NAME)";
				TEST_HOST = "$(BUILT_PRODUCTS_DIR)/iOSTutorial.app/iOSTutorial";
			};
			name = Debug;
		};
		C8A320E01A9D134F0094E4EF /* Release */ = {
			isa = XCBuildConfiguration;
			buildSettings = {
				BUNDLE_LOADER = "$(TEST_HOST)";
				FRAMEWORK_SEARCH_PATHS = (
					"$(SDKROOT)/Developer/Library/Frameworks",
					"$(inherited)",
				);
				INFOPLIST_FILE = iOSTutorialTests/Info.plist;
				LD_RUNPATH_SEARCH_PATHS = "$(inherited) @executable_path/Frameworks @loader_path/Frameworks";
				PRODUCT_NAME = "$(TARGET_NAME)";
				TEST_HOST = "$(BUILT_PRODUCTS_DIR)/iOSTutorial.app/iOSTutorial";
			};
			name = Release;
		};
/* End XCBuildConfiguration section */

/* Begin XCConfigurationList section */
		C8A320B31A9D134E0094E4EF /* Build configuration list for PBXProject "iOSTutorial" */ = {
			isa = XCConfigurationList;
			buildConfigurations = (
				C8A320D91A9D134F0094E4EF /* Debug */,
				C8A320DA1A9D134F0094E4EF /* Release */,
			);
			defaultConfigurationIsVisible = 0;
			defaultConfigurationName = Release;
		};
		C8A320DB1A9D134F0094E4EF /* Build configuration list for PBXNativeTarget "iOSTutorial" */ = {
			isa = XCConfigurationList;
			buildConfigurations = (
				C8A320DC1A9D134F0094E4EF /* Debug */,
				C8A320DD1A9D134F0094E4EF /* Release */,
			);
			defaultConfigurationIsVisible = 0;
			defaultConfigurationName = Release;
		};
		C8A320DE1A9D134F0094E4EF /* Build configuration list for PBXNativeTarget "iOSTutorialTests" */ = {
			isa = XCConfigurationList;
			buildConfigurations = (
				C8A320DF1A9D134F0094E4EF /* Debug */,
				C8A320E01A9D134F0094E4EF /* Release */,
			);
			defaultConfigurationIsVisible = 0;
			defaultConfigurationName = Release;
		};
/* End XCConfigurationList section */
	};
	rootObject = C8A320B01A9D134E0094E4EF /* Project object */;
}
